// !$*UTF8*$!
{
	archiveVersion = 1;
	classes = {
	};
	objectVersion = 50;
	objects = {

/* Begin PBXBuildFile section */
		B7993F1626FADFF30009D5A5 /* AppDelegate.swift in Sources */ = {isa = PBXBuildFile; fileRef = B7993F1526FADFF30009D5A5 /* AppDelegate.swift */; };
		B7993F1826FADFF30009D5A5 /* SceneDelegate.swift in Sources */ = {isa = PBXBuildFile; fileRef = B7993F1726FADFF30009D5A5 /* SceneDelegate.swift */; };
		B7993F1A26FADFF30009D5A5 /* ViewController.swift in Sources */ = {isa = PBXBuildFile; fileRef = B7993F1926FADFF30009D5A5 /* ViewController.swift */; };
		B7993F1D26FADFF30009D5A5 /* Main.storyboard in Resources */ = {isa = PBXBuildFile; fileRef = B7993F1B26FADFF30009D5A5 /* Main.storyboard */; };
		B7993F1F26FADFF50009D5A5 /* Assets.xcassets in Resources */ = {isa = PBXBuildFile; fileRef = B7993F1E26FADFF50009D5A5 /* Assets.xcassets */; };
		B7993F2226FADFF50009D5A5 /* LaunchScreen.storyboard in Resources */ = {isa = PBXBuildFile; fileRef = B7993F2026FADFF50009D5A5 /* LaunchScreen.storyboard */; };
		B7993F2D26FADFF50009D5A5 /* flixsterTests.swift in Sources */ = {isa = PBXBuildFile; fileRef = B7993F2C26FADFF50009D5A5 /* flixsterTests.swift */; };
		B7993F3826FADFF60009D5A5 /* flixsterUITests.swift in Sources */ = {isa = PBXBuildFile; fileRef = B7993F3726FADFF60009D5A5 /* flixsterUITests.swift */; };
/* End PBXBuildFile section */

/* Begin PBXContainerItemProxy section */
		B7993F2926FADFF50009D5A5 /* PBXContainerItemProxy */ = {
			isa = PBXContainerItemProxy;
			containerPortal = B7993F0A26FADFF30009D5A5 /* Project object */;
			proxyType = 1;
			remoteGlobalIDString = B7993F1126FADFF30009D5A5;
			remoteInfo = flixster;
		};
		B7993F3426FADFF50009D5A5 /* PBXContainerItemProxy */ = {
			isa = PBXContainerItemProxy;
			containerPortal = B7993F0A26FADFF30009D5A5 /* Project object */;
			proxyType = 1;
			remoteGlobalIDString = B7993F1126FADFF30009D5A5;
			remoteInfo = flixster;
		};
/* End PBXContainerItemProxy section */

/* Begin PBXFileReference section */
		B7993F1226FADFF30009D5A5 /* flixster.app */ = {isa = PBXFileReference; explicitFileType = wrapper.application; includeInIndex = 0; path = flixster.app; sourceTree = BUILT_PRODUCTS_DIR; };
		B7993F1526FADFF30009D5A5 /* AppDelegate.swift */ = {isa = PBXFileReference; lastKnownFileType = sourcecode.swift; path = AppDelegate.swift; sourceTree = "<group>"; };
		B7993F1726FADFF30009D5A5 /* SceneDelegate.swift */ = {isa = PBXFileReference; lastKnownFileType = sourcecode.swift; path = SceneDelegate.swift; sourceTree = "<group>"; };
		B7993F1926FADFF30009D5A5 /* ViewController.swift */ = {isa = PBXFileReference; lastKnownFileType = sourcecode.swift; path = ViewController.swift; sourceTree = "<group>"; };
		B7993F1C26FADFF30009D5A5 /* Base */ = {isa = PBXFileReference; lastKnownFileType = file.storyboard; name = Base; path = Base.lproj/Main.storyboard; sourceTree = "<group>"; };
		B7993F1E26FADFF50009D5A5 /* Assets.xcassets */ = {isa = PBXFileReference; lastKnownFileType = folder.assetcatalog; path = Assets.xcassets; sourceTree = "<group>"; };
		B7993F2126FADFF50009D5A5 /* Base */ = {isa = PBXFileReference; lastKnownFileType = file.storyboard; name = Base; path = Base.lproj/LaunchScreen.storyboard; sourceTree = "<group>"; };
		B7993F2326FADFF50009D5A5 /* Info.plist */ = {isa = PBXFileReference; lastKnownFileType = text.plist.xml; path = Info.plist; sourceTree = "<group>"; };
		B7993F2826FADFF50009D5A5 /* flixsterTests.xctest */ = {isa = PBXFileReference; explicitFileType = wrapper.cfbundle; includeInIndex = 0; path = flixsterTests.xctest; sourceTree = BUILT_PRODUCTS_DIR; };
		B7993F2C26FADFF50009D5A5 /* flixsterTests.swift */ = {isa = PBXFileReference; lastKnownFileType = sourcecode.swift; path = flixsterTests.swift; sourceTree = "<group>"; };
		B7993F2E26FADFF50009D5A5 /* Info.plist */ = {isa = PBXFileReference; lastKnownFileType = text.plist.xml; path = Info.plist; sourceTree = "<group>"; };
		B7993F3326FADFF50009D5A5 /* flixsterUITests.xctest */ = {isa = PBXFileReference; explicitFileType = wrapper.cfbundle; includeInIndex = 0; path = flixsterUITests.xctest; sourceTree = BUILT_PRODUCTS_DIR; };
		B7993F3726FADFF60009D5A5 /* flixsterUITests.swift */ = {isa = PBXFileReference; lastKnownFileType = sourcecode.swift; path = flixsterUITests.swift; sourceTree = "<group>"; };
		B7993F3926FADFF60009D5A5 /* Info.plist */ = {isa = PBXFileReference; lastKnownFileType = text.plist.xml; path = Info.plist; sourceTree = "<group>"; };
/* End PBXFileReference section */

/* Begin PBXFrameworksBuildPhase section */
		B7993F0F26FADFF30009D5A5 /* Frameworks */ = {
			isa = PBXFrameworksBuildPhase;
			buildActionMask = 2147483647;
			files = (
			);
			runOnlyForDeploymentPostprocessing = 0;
		};
		B7993F2526FADFF50009D5A5 /* Frameworks */ = {
			isa = PBXFrameworksBuildPhase;
			buildActionMask = 2147483647;
			files = (
			);
			runOnlyForDeploymentPostprocessing = 0;
		};
		B7993F3026FADFF50009D5A5 /* Frameworks */ = {
			isa = PBXFrameworksBuildPhase;
			buildActionMask = 2147483647;
			files = (
			);
			runOnlyForDeploymentPostprocessing = 0;
		};
/* End PBXFrameworksBuildPhase section */

/* Begin PBXGroup section */
		B7993F0926FADFF30009D5A5 = {
			isa = PBXGroup;
			children = (
				B7993F1426FADFF30009D5A5 /* flixster */,
				B7993F2B26FADFF50009D5A5 /* flixsterTests */,
				B7993F3626FADFF60009D5A5 /* flixsterUITests */,
				B7993F1326FADFF30009D5A5 /* Products */,
			);
			sourceTree = "<group>";
		};
		B7993F1326FADFF30009D5A5 /* Products */ = {
			isa = PBXGroup;
			children = (
				B7993F1226FADFF30009D5A5 /* flixster.app */,
				B7993F2826FADFF50009D5A5 /* flixsterTests.xctest */,
				B7993F3326FADFF50009D5A5 /* flixsterUITests.xctest */,
			);
			name = Products;
			sourceTree = "<group>";
		};
		B7993F1426FADFF30009D5A5 /* flixster */ = {
			isa = PBXGroup;
			children = (
				B7993F1526FADFF30009D5A5 /* AppDelegate.swift */,
				B7993F1726FADFF30009D5A5 /* SceneDelegate.swift */,
				B7993F1926FADFF30009D5A5 /* ViewController.swift */,
				B7993F1B26FADFF30009D5A5 /* Main.storyboard */,
				B7993F1E26FADFF50009D5A5 /* Assets.xcassets */,
				B7993F2026FADFF50009D5A5 /* LaunchScreen.storyboard */,
				B7993F2326FADFF50009D5A5 /* Info.plist */,
			);
			path = flixster;
			sourceTree = "<group>";
		};
		B7993F2B26FADFF50009D5A5 /* flixsterTests */ = {
			isa = PBXGroup;
			children = (
				B7993F2C26FADFF50009D5A5 /* flixsterTests.swift */,
				B7993F2E26FADFF50009D5A5 /* Info.plist */,
			);
			path = flixsterTests;
			sourceTree = "<group>";
		};
		B7993F3626FADFF60009D5A5 /* flixsterUITests */ = {
			isa = PBXGroup;
			children = (
				B7993F3726FADFF60009D5A5 /* flixsterUITests.swift */,
				B7993F3926FADFF60009D5A5 /* Info.plist */,
			);
			path = flixsterUITests;
			sourceTree = "<group>";
		};
/* End PBXGroup section */

/* Begin PBXNativeTarget section */
		B7993F1126FADFF30009D5A5 /* flixster */ = {
			isa = PBXNativeTarget;
			buildConfigurationList = B7993F3C26FADFF60009D5A5 /* Build configuration list for PBXNativeTarget "flixster" */;
			buildPhases = (
				B7993F0E26FADFF30009D5A5 /* Sources */,
				B7993F0F26FADFF30009D5A5 /* Frameworks */,
				B7993F1026FADFF30009D5A5 /* Resources */,
			);
			buildRules = (
			);
			dependencies = (
			);
			name = flixster;
			productName = flixster;
			productReference = B7993F1226FADFF30009D5A5 /* flixster.app */;
			productType = "com.apple.product-type.application";
		};
		B7993F2726FADFF50009D5A5 /* flixsterTests */ = {
			isa = PBXNativeTarget;
			buildConfigurationList = B7993F3F26FADFF60009D5A5 /* Build configuration list for PBXNativeTarget "flixsterTests" */;
			buildPhases = (
				B7993F2426FADFF50009D5A5 /* Sources */,
				B7993F2526FADFF50009D5A5 /* Frameworks */,
				B7993F2626FADFF50009D5A5 /* Resources */,
			);
			buildRules = (
			);
			dependencies = (
				B7993F2A26FADFF50009D5A5 /* PBXTargetDependency */,
			);
			name = flixsterTests;
			productName = flixsterTests;
			productReference = B7993F2826FADFF50009D5A5 /* flixsterTests.xctest */;
			productType = "com.apple.product-type.bundle.unit-test";
		};
		B7993F3226FADFF50009D5A5 /* flixsterUITests */ = {
			isa = PBXNativeTarget;
			buildConfigurationList = B7993F4226FADFF60009D5A5 /* Build configuration list for PBXNativeTarget "flixsterUITests" */;
			buildPhases = (
				B7993F2F26FADFF50009D5A5 /* Sources */,
				B7993F3026FADFF50009D5A5 /* Frameworks */,
				B7993F3126FADFF50009D5A5 /* Resources */,
			);
			buildRules = (
			);
			dependencies = (
				B7993F3526FADFF50009D5A5 /* PBXTargetDependency */,
			);
			name = flixsterUITests;
			productName = flixsterUITests;
			productReference = B7993F3326FADFF50009D5A5 /* flixsterUITests.xctest */;
			productType = "com.apple.product-type.bundle.ui-testing";
		};
/* End PBXNativeTarget section */

/* Begin PBXProject section */
		B7993F0A26FADFF30009D5A5 /* Project object */ = {
			isa = PBXProject;
			attributes = {
				LastSwiftUpdateCheck = 1250;
				LastUpgradeCheck = 1250;
				TargetAttributes = {
					B7993F1126FADFF30009D5A5 = {
						CreatedOnToolsVersion = 12.5.1;
					};
					B7993F2726FADFF50009D5A5 = {
						CreatedOnToolsVersion = 12.5.1;
						TestTargetID = B7993F1126FADFF30009D5A5;
					};
					B7993F3226FADFF50009D5A5 = {
						CreatedOnToolsVersion = 12.5.1;
						TestTargetID = B7993F1126FADFF30009D5A5;
					};
				};
			};
			buildConfigurationList = B7993F0D26FADFF30009D5A5 /* Build configuration list for PBXProject "flixster" */;
			compatibilityVersion = "Xcode 9.3";
			developmentRegion = en;
			hasScannedForEncodings = 0;
			knownRegions = (
				en,
				Base,
			);
			mainGroup = B7993F0926FADFF30009D5A5;
			productRefGroup = B7993F1326FADFF30009D5A5 /* Products */;
			projectDirPath = "";
			projectRoot = "";
			targets = (
				B7993F1126FADFF30009D5A5 /* flixster */,
				B7993F2726FADFF50009D5A5 /* flixsterTests */,
				B7993F3226FADFF50009D5A5 /* flixsterUITests */,
			);
		};
/* End PBXProject section */

/* Begin PBXResourcesBuildPhase section */
		B7993F1026FADFF30009D5A5 /* Resources */ = {
			isa = PBXResourcesBuildPhase;
			buildActionMask = 2147483647;
			files = (
				B7993F2226FADFF50009D5A5 /* LaunchScreen.storyboard in Resources */,
				B7993F1F26FADFF50009D5A5 /* Assets.xcassets in Resources */,
				B7993F1D26FADFF30009D5A5 /* Main.storyboard in Resources */,
			);
			runOnlyForDeploymentPostprocessing = 0;
		};
		B7993F2626FADFF50009D5A5 /* Resources */ = {
			isa = PBXResourcesBuildPhase;
			buildActionMask = 2147483647;
			files = (
			);
			runOnlyForDeploymentPostprocessing = 0;
		};
		B7993F3126FADFF50009D5A5 /* Resources */ = {
			isa = PBXResourcesBuildPhase;
			buildActionMask = 2147483647;
			files = (
			);
			runOnlyForDeploymentPostprocessing = 0;
		};
/* End PBXResourcesBuildPhase section */

/* Begin PBXSourcesBuildPhase section */
		B7993F0E26FADFF30009D5A5 /* Sources */ = {
			isa = PBXSourcesBuildPhase;
			buildActionMask = 2147483647;
			files = (
				B7993F1A26FADFF30009D5A5 /* ViewController.swift in Sources */,
				B7993F1626FADFF30009D5A5 /* AppDelegate.swift in Sources */,
				B7993F1826FADFF30009D5A5 /* SceneDelegate.swift in Sources */,
			);
			runOnlyForDeploymentPostprocessing = 0;
		};
		B7993F2426FADFF50009D5A5 /* Sources */ = {
			isa = PBXSourcesBuildPhase;
			buildActionMask = 2147483647;
			files = (
				B7993F2D26FADFF50009D5A5 /* flixsterTests.swift in Sources */,
			);
			runOnlyForDeploymentPostprocessing = 0;
		};
		B7993F2F26FADFF50009D5A5 /* Sources */ = {
			isa = PBXSourcesBuildPhase;
			buildActionMask = 2147483647;
			files = (
				B7993F3826FADFF60009D5A5 /* flixsterUITests.swift in Sources */,
			);
			runOnlyForDeploymentPostprocessing = 0;
		};
/* End PBXSourcesBuildPhase section */

/* Begin PBXTargetDependency section */
		B7993F2A26FADFF50009D5A5 /* PBXTargetDependency */ = {
			isa = PBXTargetDependency;
			target = B7993F1126FADFF30009D5A5 /* flixster */;
			targetProxy = B7993F2926FADFF50009D5A5 /* PBXContainerItemProxy */;
		};
		B7993F3526FADFF50009D5A5 /* PBXTargetDependency */ = {
			isa = PBXTargetDependency;
			target = B7993F1126FADFF30009D5A5 /* flixster */;
			targetProxy = B7993F3426FADFF50009D5A5 /* PBXContainerItemProxy */;
		};
/* End PBXTargetDependency section */

/* Begin PBXVariantGroup section */
		B7993F1B26FADFF30009D5A5 /* Main.storyboard */ = {
			isa = PBXVariantGroup;
			children = (
				B7993F1C26FADFF30009D5A5 /* Base */,
			);
			name = Main.storyboard;
			sourceTree = "<group>";
		};
		B7993F2026FADFF50009D5A5 /* LaunchScreen.storyboard */ = {
			isa = PBXVariantGroup;
			children = (
				B7993F2126FADFF50009D5A5 /* Base */,
			);
			name = LaunchScreen.storyboard;
			sourceTree = "<group>";
		};
/* End PBXVariantGroup section */

/* Begin XCBuildConfiguration section */
		B7993F3A26FADFF60009D5A5 /* Debug */ = {
			isa = XCBuildConfiguration;
			buildSettings = {
				ALWAYS_SEARCH_USER_PATHS = NO;
				CLANG_ANALYZER_NONNULL = YES;
				CLANG_ANALYZER_NUMBER_OBJECT_CONVERSION = YES_AGGRESSIVE;
				CLANG_CXX_LANGUAGE_STANDARD = "gnu++14";
				CLANG_CXX_LIBRARY = "libc++";
				CLANG_ENABLE_MODULES = YES;
				CLANG_ENABLE_OBJC_ARC = YES;
				CLANG_ENABLE_OBJC_WEAK = YES;
				CLANG_WARN_BLOCK_CAPTURE_AUTORELEASING = YES;
				CLANG_WARN_BOOL_CONVERSION = YES;
				CLANG_WARN_COMMA = YES;
				CLANG_WARN_CONSTANT_CONVERSION = YES;
				CLANG_WARN_DEPRECATED_OBJC_IMPLEMENTATIONS = YES;
				CLANG_WARN_DIRECT_OBJC_ISA_USAGE = YES_ERROR;
				CLANG_WARN_DOCUMENTATION_COMMENTS = YES;
				CLANG_WARN_EMPTY_BODY = YES;
				CLANG_WARN_ENUM_CONVERSION = YES;
				CLANG_WARN_INFINITE_RECURSION = YES;
				CLANG_WARN_INT_CONVERSION = YES;
				CLANG_WARN_NON_LITERAL_NULL_CONVERSION = YES;
				CLANG_WARN_OBJC_IMPLICIT_RETAIN_SELF = YES;
				CLANG_WARN_OBJC_LITERAL_CONVERSION = YES;
				CLANG_WARN_OBJC_ROOT_CLASS = YES_ERROR;
				CLANG_WARN_QUOTED_INCLUDE_IN_FRAMEWORK_HEADER = YES;
				CLANG_WARN_RANGE_LOOP_ANALYSIS = YES;
				CLANG_WARN_STRICT_PROTOTYPES = YES;
				CLANG_WARN_SUSPICIOUS_MOVE = YES;
				CLANG_WARN_UNGUARDED_AVAILABILITY = YES_AGGRESSIVE;
				CLANG_WARN_UNREACHABLE_CODE = YES;
				CLANG_WARN__DUPLICATE_METHOD_MATCH = YES;
				COPY_PHASE_STRIP = NO;
				DEBUG_INFORMATION_FORMAT = dwarf;
				ENABLE_STRICT_OBJC_MSGSEND = YES;
				ENABLE_TESTABILITY = YES;
				GCC_C_LANGUAGE_STANDARD = gnu11;
				GCC_DYNAMIC_NO_PIC = NO;
				GCC_NO_COMMON_BLOCKS = YES;
				GCC_OPTIMIZATION_LEVEL = 0;
				GCC_PREPROCESSOR_DEFINITIONS = (
					"DEBUG=1",
					"$(inherited)",
				);
				GCC_WARN_64_TO_32_BIT_CONVERSION = YES;
				GCC_WARN_ABOUT_RETURN_TYPE = YES_ERROR;
				GCC_WARN_UNDECLARED_SELECTOR = YES;
				GCC_WARN_UNINITIALIZED_AUTOS = YES_AGGRESSIVE;
				GCC_WARN_UNUSED_FUNCTION = YES;
				GCC_WARN_UNUSED_VARIABLE = YES;
				IPHONEOS_DEPLOYMENT_TARGET = 14.5;
				MTL_ENABLE_DEBUG_INFO = INCLUDE_SOURCE;
				MTL_FAST_MATH = YES;
				ONLY_ACTIVE_ARCH = YES;
				SDKROOT = iphoneos;
				SWIFT_ACTIVE_COMPILATION_CONDITIONS = DEBUG;
				SWIFT_OPTIMIZATION_LEVEL = "-Onone";
			};
			name = Debug;
		};
		B7993F3B26FADFF60009D5A5 /* Release */ = {
			isa = XCBuildConfiguration;
			buildSettings = {
				ALWAYS_SEARCH_USER_PATHS = NO;
				CLANG_ANALYZER_NONNULL = YES;
				CLANG_ANALYZER_NUMBER_OBJECT_CONVERSION = YES_AGGRESSIVE;
				CLANG_CXX_LANGUAGE_STANDARD = "gnu++14";
				CLANG_CXX_LIBRARY = "libc++";
				CLANG_ENABLE_MODULES = YES;
				CLANG_ENABLE_OBJC_ARC = YES;
				CLANG_ENABLE_OBJC_WEAK = YES;
				CLANG_WARN_BLOCK_CAPTURE_AUTORELEASING = YES;
				CLANG_WARN_BOOL_CONVERSION = YES;
				CLANG_WARN_COMMA = YES;
				CLANG_WARN_CONSTANT_CONVERSION = YES;
				CLANG_WARN_DEPRECATED_OBJC_IMPLEMENTATIONS = YES;
				CLANG_WARN_DIRECT_OBJC_ISA_USAGE = YES_ERROR;
				CLANG_WARN_DOCUMENTATION_COMMENTS = YES;
				CLANG_WARN_EMPTY_BODY = YES;
				CLANG_WARN_ENUM_CONVERSION = YES;
				CLANG_WARN_INFINITE_RECURSION = YES;
				CLANG_WARN_INT_CONVERSION = YES;
				CLANG_WARN_NON_LITERAL_NULL_CONVERSION = YES;
				CLANG_WARN_OBJC_IMPLICIT_RETAIN_SELF = YES;
				CLANG_WARN_OBJC_LITERAL_CONVERSION = YES;
				CLANG_WARN_OBJC_ROOT_CLASS = YES_ERROR;
				CLANG_WARN_QUOTED_INCLUDE_IN_FRAMEWORK_HEADER = YES;
				CLANG_WARN_RANGE_LOOP_ANALYSIS = YES;
				CLANG_WARN_STRICT_PROTOTYPES = YES;
				CLANG_WARN_SUSPICIOUS_MOVE = YES;
				CLANG_WARN_UNGUARDED_AVAILABILITY = YES_AGGRESSIVE;
				CLANG_WARN_UNREACHABLE_CODE = YES;
				CLANG_WARN__DUPLICATE_METHOD_MATCH = YES;
				COPY_PHASE_STRIP = NO;
				DEBUG_INFORMATION_FORMAT = "dwarf-with-dsym";
				ENABLE_NS_ASSERTIONS = NO;
				ENABLE_STRICT_OBJC_MSGSEND = YES;
				GCC_C_LANGUAGE_STANDARD = gnu11;
				GCC_NO_COMMON_BLOCKS = YES;
				GCC_WARN_64_TO_32_BIT_CONVERSION = YES;
				GCC_WARN_ABOUT_RETURN_TYPE = YES_ERROR;
				GCC_WARN_UNDECLARED_SELECTOR = YES;
				GCC_WARN_UNINITIALIZED_AUTOS = YES_AGGRESSIVE;
				GCC_WARN_UNUSED_FUNCTION = YES;
				GCC_WARN_UNUSED_VARIABLE = YES;
				IPHONEOS_DEPLOYMENT_TARGET = 14.5;
				MTL_ENABLE_DEBUG_INFO = NO;
				MTL_FAST_MATH = YES;
				SDKROOT = iphoneos;
				SWIFT_COMPILATION_MODE = wholemodule;
				SWIFT_OPTIMIZATION_LEVEL = "-O";
				VALIDATE_PRODUCT = YES;
			};
			name = Release;
		};
		B7993F3D26FADFF60009D5A5 /* Debug */ = {
			isa = XCBuildConfiguration;
			buildSettings = {
				ASSETCATALOG_COMPILER_APPICON_NAME = AppIcon;
				ASSETCATALOG_COMPILER_GLOBAL_ACCENT_COLOR_NAME = AccentColor;
				CODE_SIGN_STYLE = Automatic;
				INFOPLIST_FILE = flixster/Info.plist;
				LD_RUNPATH_SEARCH_PATHS = (
					"$(inherited)",
					"@executable_path/Frameworks",
				);
				PRODUCT_BUNDLE_IDENTIFIER = com.codepath.flixster;
				PRODUCT_NAME = "$(TARGET_NAME)";
				SWIFT_VERSION = 5.0;
				TARGETED_DEVICE_FAMILY = "1,2";
			};
			name = Debug;
		};
		B7993F3E26FADFF60009D5A5 /* Release */ = {
			isa = XCBuildConfiguration;
			buildSettings = {
				ASSETCATALOG_COMPILER_APPICON_NAME = AppIcon;
				ASSETCATALOG_COMPILER_GLOBAL_ACCENT_COLOR_NAME = AccentColor;
				CODE_SIGN_STYLE = Automatic;
				INFOPLIST_FILE = flixster/Info.plist;
				LD_RUNPATH_SEARCH_PATHS = (
					"$(inherited)",
					"@executable_path/Frameworks",
				);
				PRODUCT_BUNDLE_IDENTIFIER = com.codepath.flixster;
				PRODUCT_NAME = "$(TARGET_NAME)";
				SWIFT_VERSION = 5.0;
				TARGETED_DEVICE_FAMILY = "1,2";
			};
			name = Release;
		};
		B7993F4026FADFF60009D5A5 /* Debug */ = {
			isa = XCBuildConfiguration;
			buildSettings = {
				ALWAYS_EMBED_SWIFT_STANDARD_LIBRARIES = YES;
				BUNDLE_LOADER = "$(TEST_HOST)";
				CODE_SIGN_STYLE = Automatic;
				INFOPLIST_FILE = flixsterTests/Info.plist;
				IPHONEOS_DEPLOYMENT_TARGET = 14.5;
				LD_RUNPATH_SEARCH_PATHS = (
					"$(inherited)",
					"@executable_path/Frameworks",
					"@loader_path/Frameworks",
				);
				PRODUCT_BUNDLE_IDENTIFIER = com.codepath.flixsterTests;
				PRODUCT_NAME = "$(TARGET_NAME)";
				SWIFT_VERSION = 5.0;
				TARGETED_DEVICE_FAMILY = "1,2";
				TEST_HOST = "$(BUILT_PRODUCTS_DIR)/flixster.app/flixster";
			};
			name = Debug;
		};
		B7993F4126FADFF60009D5A5 /* Release */ = {
			isa = XCBuildConfiguration;
			buildSettings = {
				ALWAYS_EMBED_SWIFT_STANDARD_LIBRARIES = YES;
				BUNDLE_LOADER = "$(TEST_HOST)";
				CODE_SIGN_STYLE = Automatic;
				INFOPLIST_FILE = flixsterTests/Info.plist;
				IPHONEOS_DEPLOYMENT_TARGET = 14.5;
				LD_RUNPATH_SEARCH_PATHS = (
					"$(inherited)",
					"@executable_path/Frameworks",
					"@loader_path/Frameworks",
				);
				PRODUCT_BUNDLE_IDENTIFIER = com.codepath.flixsterTests;
				PRODUCT_NAME = "$(TARGET_NAME)";
				SWIFT_VERSION = 5.0;
				TARGETED_DEVICE_FAMILY = "1,2";
				TEST_HOST = "$(BUILT_PRODUCTS_DIR)/flixster.app/flixster";
			};
			name = Release;
		};
		B7993F4326FADFF60009D5A5 /* Debug */ = {
			isa = XCBuildConfiguration;
			buildSettings = {
				ALWAYS_EMBED_SWIFT_STANDARD_LIBRARIES = YES;
				CODE_SIGN_STYLE = Automatic;
				INFOPLIST_FILE = flixsterUITests/Info.plist;
				LD_RUNPATH_SEARCH_PATHS = (
					"$(inherited)",
					"@executable_path/Frameworks",
					"@loader_path/Frameworks",
				);
				PRODUCT_BUNDLE_IDENTIFIER = com.codepath.flixsterUITests;
				PRODUCT_NAME = "$(TARGET_NAME)";
				SWIFT_VERSION = 5.0;
				TARGETED_DEVICE_FAMILY = "1,2";
				TEST_TARGET_NAME = flixster;
			};
			name = Debug;
		};
		B7993F4426FADFF60009D5A5 /* Release */ = {
			isa = XCBuildConfiguration;
			buildSettings = {
				ALWAYS_EMBED_SWIFT_STANDARD_LIBRARIES = YES;
				CODE_SIGN_STYLE = Automatic;
				INFOPLIST_FILE = flixsterUITests/Info.plist;
				LD_RUNPATH_SEARCH_PATHS = (
					"$(inherited)",
					"@executable_path/Frameworks",
					"@loader_path/Frameworks",
				);
				PRODUCT_BUNDLE_IDENTIFIER = com.codepath.flixsterUITests;
				PRODUCT_NAME = "$(TARGET_NAME)";
				SWIFT_VERSION = 5.0;
				TARGETED_DEVICE_FAMILY = "1,2";
				TEST_TARGET_NAME = flixster;
			};
			name = Release;
		};
/* End XCBuildConfiguration section */

/* Begin XCConfigurationList section */
		B7993F0D26FADFF30009D5A5 /* Build configuration list for PBXProject "flixster" */ = {
			isa = XCConfigurationList;
			buildConfigurations = (
				B7993F3A26FADFF60009D5A5 /* Debug */,
				B7993F3B26FADFF60009D5A5 /* Release */,
			);
			defaultConfigurationIsVisible = 0;
			defaultConfigurationName = Release;
		};
		B7993F3C26FADFF60009D5A5 /* Build configuration list for PBXNativeTarget "flixster" */ = {
			isa = XCConfigurationList;
			buildConfigurations = (
				B7993F3D26FADFF60009D5A5 /* Debug */,
				B7993F3E26FADFF60009D5A5 /* Release */,
			);
			defaultConfigurationIsVisible = 0;
			defaultConfigurationName = Release;
		};
		B7993F3F26FADFF60009D5A5 /* Build configuration list for PBXNativeTarget "flixsterTests" */ = {
			isa = XCConfigurationList;
			buildConfigurations = (
				B7993F4026FADFF60009D5A5 /* Debug */,
				B7993F4126FADFF60009D5A5 /* Release */,
			);
			defaultConfigurationIsVisible = 0;
			defaultConfigurationName = Release;
		};
		B7993F4226FADFF60009D5A5 /* Build configuration list for PBXNativeTarget "flixsterUITests" */ = {
			isa = XCConfigurationList;
			buildConfigurations = (
				B7993F4326FADFF60009D5A5 /* Debug */,
				B7993F4426FADFF60009D5A5 /* Release */,
			);
			defaultConfigurationIsVisible = 0;
			defaultConfigurationName = Release;
		};
/* End XCConfigurationList section */
	};
	rootObject = B7993F0A26FADFF30009D5A5 /* Project object */;
}
